
Microsoft Visual Studio Solution File, Format Version 12.00
# Visual Studio Version 17
VisualStudioVersion = 17.14.36518.9 d17.14
MinimumVisualStudioVersion = 10.0.40219.1
Project("{FAE04EC0-301F-11D3-BF4B-00C04F79EFBC}") = "SkiShopBot", "SkiShopBot\SkiShopBot.csproj", "{027A2726-871F-412E-89DC-4519777FD6A2}"
EndProject
Global
	GlobalSection(SolutionConfigurationPlatforms) = preSolution
		Debug|Any CPU = Debug|Any CPU
		Release|Any CPU = Release|Any CPU
	EndGlobalSection
	GlobalSection(ProjectConfigurationPlatforms) = postSolution
		{027A2726-871F-412E-89DC-4519777FD6A2}.Debug|Any CPU.ActiveCfg = Debug|Any CPU
		{027A2726-871F-412E-89DC-4519777FD6A2}.Debug|Any CPU.Build.0 = Debug|Any CPU
		{027A2726-871F-412E-89DC-4519777FD6A2}.Release|Any CPU.ActiveCfg = Release|Any CPU
		{027A2726-871F-412E-89DC-4519777FD6A2}.Release|Any CPU.Build.0 = Release|Any CPU
	EndGlobalSection
	GlobalSection(SolutionProperties) = preSolution
		HideSolutionNode = FALSE
	EndGlobalSection
	GlobalSection(ExtensibilityGlobals) = postSolution
		SolutionGuid = {B316F53E-AE1C-454D-AA03-DB0885E1174A}
	EndGlobalSection
EndGlobal
